// !$*UTF8*$!
{
	archiveVersion = 1;
	classes = {
	};
	objectVersion = 50;
	objects = {

/* Begin PBXBuildFile section */
		297E8AE925B824CE005D4134 /* AppDelegate.swift in Sources */ = {isa = PBXBuildFile; fileRef = 297E8AE825B824CE005D4134 /* AppDelegate.swift */; };
		297E8AEB25B824CE005D4134 /* SceneDelegate.swift in Sources */ = {isa = PBXBuildFile; fileRef = 297E8AEA25B824CE005D4134 /* SceneDelegate.swift */; };
		297E8AED25B824CE005D4134 /* ViewController.swift in Sources */ = {isa = PBXBuildFile; fileRef = 297E8AEC25B824CE005D4134 /* ViewController.swift */; };
		297E8AF025B824CE005D4134 /* Main.storyboard in Resources */ = {isa = PBXBuildFile; fileRef = 297E8AEE25B824CE005D4134 /* Main.storyboard */; };
		297E8AF225B824CF005D4134 /* Assets.xcassets in Resources */ = {isa = PBXBuildFile; fileRef = 297E8AF125B824CF005D4134 /* Assets.xcassets */; };
		297E8AF525B824CF005D4134 /* LaunchScreen.storyboard in Resources */ = {isa = PBXBuildFile; fileRef = 297E8AF325B824CF005D4134 /* LaunchScreen.storyboard */; };
		297E8AFE25B826EF005D4134 /* ViewForCamera.swift in Sources */ = {isa = PBXBuildFile; fileRef = 297E8AFD25B826EF005D4134 /* ViewForCamera.swift */; };
		297E8B0525B844A5005D4134 /* CamManager.swift in Sources */ = {isa = PBXBuildFile; fileRef = 297E8B0425B844A5005D4134 /* CamManager.swift */; };
		297E8B0825B844D8005D4134 /* RecordManager.swift in Sources */ = {isa = PBXBuildFile; fileRef = 297E8B0725B844D8005D4134 /* RecordManager.swift */; };
		297E8B0B25B84548005D4134 /* AssetWriter.swift in Sources */ = {isa = PBXBuildFile; fileRef = 297E8B0A25B84548005D4134 /* AssetWriter.swift */; };
/* End PBXBuildFile section */

/* Begin PBXFileReference section */
		297E8AE525B824CE005D4134 /* Multi_Cam_App.app */ = {isa = PBXFileReference; explicitFileType = wrapper.application; includeInIndex = 0; path = Multi_Cam_App.app; sourceTree = BUILT_PRODUCTS_DIR; };
		297E8AE825B824CE005D4134 /* AppDelegate.swift */ = {isa = PBXFileReference; lastKnownFileType = sourcecode.swift; path = AppDelegate.swift; sourceTree = "<group>"; };
		297E8AEA25B824CE005D4134 /* SceneDelegate.swift */ = {isa = PBXFileReference; lastKnownFileType = sourcecode.swift; path = SceneDelegate.swift; sourceTree = "<group>"; };
		297E8AEC25B824CE005D4134 /* ViewController.swift */ = {isa = PBXFileReference; lastKnownFileType = sourcecode.swift; path = ViewController.swift; sourceTree = "<group>"; };
		297E8AEF25B824CE005D4134 /* Base */ = {isa = PBXFileReference; lastKnownFileType = file.storyboard; name = Base; path = Base.lproj/Main.storyboard; sourceTree = "<group>"; };
		297E8AF125B824CF005D4134 /* Assets.xcassets */ = {isa = PBXFileReference; lastKnownFileType = folder.assetcatalog; path = Assets.xcassets; sourceTree = "<group>"; };
		297E8AF425B824CF005D4134 /* Base */ = {isa = PBXFileReference; lastKnownFileType = file.storyboard; name = Base; path = Base.lproj/LaunchScreen.storyboard; sourceTree = "<group>"; };
		297E8AF625B824CF005D4134 /* Info.plist */ = {isa = PBXFileReference; lastKnownFileType = text.plist.xml; path = Info.plist; sourceTree = "<group>"; };
		297E8AFD25B826EF005D4134 /* ViewForCamera.swift */ = {isa = PBXFileReference; lastKnownFileType = sourcecode.swift; path = ViewForCamera.swift; sourceTree = "<group>"; };
		297E8B0425B844A5005D4134 /* CamManager.swift */ = {isa = PBXFileReference; lastKnownFileType = sourcecode.swift; path = CamManager.swift; sourceTree = "<group>"; };
		297E8B0725B844D8005D4134 /* RecordManager.swift */ = {isa = PBXFileReference; lastKnownFileType = sourcecode.swift; path = RecordManager.swift; sourceTree = "<group>"; };
		297E8B0A25B84548005D4134 /* AssetWriter.swift */ = {isa = PBXFileReference; lastKnownFileType = sourcecode.swift; path = AssetWriter.swift; sourceTree = "<group>"; };
/* End PBXFileReference section */

/* Begin PBXFrameworksBuildPhase section */
		297E8AE225B824CE005D4134 /* Frameworks */ = {
			isa = PBXFrameworksBuildPhase;
			buildActionMask = 2147483647;
			files = (
			);
			runOnlyForDeploymentPostprocessing = 0;
		};
/* End PBXFrameworksBuildPhase section */

/* Begin PBXGroup section */
		297E8ADC25B824CE005D4134 = {
			isa = PBXGroup;
			children = (
				297E8AE725B824CE005D4134 /* Multi_Cam_App */,
				297E8AE625B824CE005D4134 /* Products */,
			);
			sourceTree = "<group>";
		};
		297E8AE625B824CE005D4134 /* Products */ = {
			isa = PBXGroup;
			children = (
				297E8AE525B824CE005D4134 /* Multi_Cam_App.app */,
			);
			name = Products;
			sourceTree = "<group>";
		};
		297E8AE725B824CE005D4134 /* Multi_Cam_App */ = {
			isa = PBXGroup;
			children = (
				297E8B0225B829AF005D4134 /* Model */,
				297E8B0125B828ED005D4134 /* Views */,
				297E8B0025B828CE005D4134 /* Controller */,
				297E8AEA25B824CE005D4134 /* SceneDelegate.swift */,
				297E8AE825B824CE005D4134 /* AppDelegate.swift */,
				297E8AF125B824CF005D4134 /* Assets.xcassets */,
				297E8AF325B824CF005D4134 /* LaunchScreen.storyboard */,
				297E8AF625B824CF005D4134 /* Info.plist */,
			);
			path = Multi_Cam_App;
			sourceTree = "<group>";
		};
		297E8B0025B828CE005D4134 /* Controller */ = {
			isa = PBXGroup;
			children = (
				297E8AFD25B826EF005D4134 /* ViewForCamera.swift */,
				297E8AEC25B824CE005D4134 /* ViewController.swift */,
				297E8B0425B844A5005D4134 /* CamManager.swift */,
				297E8B0725B844D8005D4134 /* RecordManager.swift */,
				297E8B0A25B84548005D4134 /* AssetWriter.swift */,
			);
			name = Controller;
			sourceTree = "<group>";
		};
		297E8B0125B828ED005D4134 /* Views */ = {
			isa = PBXGroup;
			children = (
				297E8AEE25B824CE005D4134 /* Main.storyboard */,
			);
			name = Views;
			sourceTree = "<group>";
		};
		297E8B0225B829AF005D4134 /* Model */ = {
			isa = PBXGroup;
			children = (
			);
			name = Model;
			sourceTree = "<group>";
		};
/* End PBXGroup section */

/* Begin PBXNativeTarget section */
		297E8AE425B824CE005D4134 /* Multi_Cam_App */ = {
			isa = PBXNativeTarget;
			buildConfigurationList = 297E8AF925B824CF005D4134 /* Build configuration list for PBXNativeTarget "Multi_Cam_App" */;
			buildPhases = (
				297E8AE125B824CE005D4134 /* Sources */,
				297E8AE225B824CE005D4134 /* Frameworks */,
				297E8AE325B824CE005D4134 /* Resources */,
			);
			buildRules = (
			);
			dependencies = (
			);
			name = Multi_Cam_App;
			productName = Multi_Cam_App;
			productReference = 297E8AE525B824CE005D4134 /* Multi_Cam_App.app */;
			productType = "com.apple.product-type.application";
		};
/* End PBXNativeTarget section */

/* Begin PBXProject section */
		297E8ADD25B824CE005D4134 /* Project object */ = {
			isa = PBXProject;
			attributes = {
				LastSwiftUpdateCheck = 1220;
				LastUpgradeCheck = 1220;
				TargetAttributes = {
					297E8AE425B824CE005D4134 = {
						CreatedOnToolsVersion = 12.2;
					};
				};
			};
			buildConfigurationList = 297E8AE025B824CE005D4134 /* Build configuration list for PBXProject "Multi_Cam_App" */;
			compatibilityVersion = "Xcode 9.3";
			developmentRegion = en;
			hasScannedForEncodings = 0;
			knownRegions = (
				en,
				Base,
			);
			mainGroup = 297E8ADC25B824CE005D4134;
			productRefGroup = 297E8AE625B824CE005D4134 /* Products */;
			projectDirPath = "";
			projectRoot = "";
			targets = (
				297E8AE425B824CE005D4134 /* Multi_Cam_App */,
			);
		};
/* End PBXProject section */

/* Begin PBXResourcesBuildPhase section */
		297E8AE325B824CE005D4134 /* Resources */ = {
			isa = PBXResourcesBuildPhase;
			buildActionMask = 2147483647;
			files = (
				297E8AF525B824CF005D4134 /* LaunchScreen.storyboard in Resources */,
				297E8AF225B824CF005D4134 /* Assets.xcassets in Resources */,
				297E8AF025B824CE005D4134 /* Main.storyboard in Resources */,
			);
			runOnlyForDeploymentPostprocessing = 0;
		};
/* End PBXResourcesBuildPhase section */

/* Begin PBXSourcesBuildPhase section */
		297E8AE125B824CE005D4134 /* Sources */ = {
			isa = PBXSourcesBuildPhase;
			buildActionMask = 2147483647;
			files = (
				297E8B0825B844D8005D4134 /* RecordManager.swift in Sources */,
				297E8B0B25B84548005D4134 /* AssetWriter.swift in Sources */,
				297E8AED25B824CE005D4134 /* ViewController.swift in Sources */,
				297E8B0525B844A5005D4134 /* CamManager.swift in Sources */,
				297E8AFE25B826EF005D4134 /* ViewForCamera.swift in Sources */,
				297E8AE925B824CE005D4134 /* AppDelegate.swift in Sources */,
				297E8AEB25B824CE005D4134 /* SceneDelegate.swift in Sources */,
			);
			runOnlyForDeploymentPostprocessing = 0;
		};
/* End PBXSourcesBuildPhase section */

/* Begin PBXVariantGroup section */
		297E8AEE25B824CE005D4134 /* Main.storyboard */ = {
			isa = PBXVariantGroup;
			children = (
				297E8AEF25B824CE005D4134 /* Base */,
			);
			name = Main.storyboard;
			sourceTree = "<group>";
		};
		297E8AF325B824CF005D4134 /* LaunchScreen.storyboard */ = {
			isa = PBXVariantGroup;
			children = (
				297E8AF425B824CF005D4134 /* Base */,
			);
			name = LaunchScreen.storyboard;
			sourceTree = "<group>";
		};
/* End PBXVariantGroup section */

/* Begin XCBuildConfiguration section */
		297E8AF725B824CF005D4134 /* Debug */ = {
			isa = XCBuildConfiguration;
			buildSettings = {
				ALWAYS_SEARCH_USER_PATHS = NO;
				CLANG_ANALYZER_NONNULL = YES;
				CLANG_ANALYZER_NUMBER_OBJECT_CONVERSION = YES_AGGRESSIVE;
				CLANG_CXX_LANGUAGE_STANDARD = "gnu++14";
				CLANG_CXX_LIBRARY = "libc++";
				CLANG_ENABLE_MODULES = YES;
				CLANG_ENABLE_OBJC_ARC = YES;
				CLANG_ENABLE_OBJC_WEAK = YES;
				CLANG_WARN_BLOCK_CAPTURE_AUTORELEASING = YES;
				CLANG_WARN_BOOL_CONVERSION = YES;
				CLANG_WARN_COMMA = YES;
				CLANG_WARN_CONSTANT_CONVERSION = YES;
				CLANG_WARN_DEPRECATED_OBJC_IMPLEMENTATIONS = YES;
				CLANG_WARN_DIRECT_OBJC_ISA_USAGE = YES_ERROR;
				CLANG_WARN_DOCUMENTATION_COMMENTS = YES;
				CLANG_WARN_EMPTY_BODY = YES;
				CLANG_WARN_ENUM_CONVERSION = YES;
				CLANG_WARN_INFINITE_RECURSION = YES;
				CLANG_WARN_INT_CONVERSION = YES;
				CLANG_WARN_NON_LITERAL_NULL_CONVERSION = YES;
				CLANG_WARN_OBJC_IMPLICIT_RETAIN_SELF = YES;
				CLANG_WARN_OBJC_LITERAL_CONVERSION = YES;
				CLANG_WARN_OBJC_ROOT_CLASS = YES_ERROR;
				CLANG_WARN_QUOTED_INCLUDE_IN_FRAMEWORK_HEADER = YES;
				CLANG_WARN_RANGE_LOOP_ANALYSIS = YES;
				CLANG_WARN_STRICT_PROTOTYPES = YES;
				CLANG_WARN_SUSPICIOUS_MOVE = YES;
				CLANG_WARN_UNGUARDED_AVAILABILITY = YES_AGGRESSIVE;
				CLANG_WARN_UNREACHABLE_CODE = YES;
				CLANG_WARN__DUPLICATE_METHOD_MATCH = YES;
				COPY_PHASE_STRIP = NO;
				DEBUG_INFORMATION_FORMAT = dwarf;
				ENABLE_STRICT_OBJC_MSGSEND = YES;
				ENABLE_TESTABILITY = YES;
				GCC_C_LANGUAGE_STANDARD = gnu11;
				GCC_DYNAMIC_NO_PIC = NO;
				GCC_NO_COMMON_BLOCKS = YES;
				GCC_OPTIMIZATION_LEVEL = 0;
				GCC_PREPROCESSOR_DEFINITIONS = (
					"DEBUG=1",
					"$(inherited)",
				);
				GCC_WARN_64_TO_32_BIT_CONVERSION = YES;
				GCC_WARN_ABOUT_RETURN_TYPE = YES_ERROR;
				GCC_WARN_UNDECLARED_SELECTOR = YES;
				GCC_WARN_UNINITIALIZED_AUTOS = YES_AGGRESSIVE;
				GCC_WARN_UNUSED_FUNCTION = YES;
				GCC_WARN_UNUSED_VARIABLE = YES;
				IPHONEOS_DEPLOYMENT_TARGET = 14.2;
				MTL_ENABLE_DEBUG_INFO = INCLUDE_SOURCE;
				MTL_FAST_MATH = YES;
				ONLY_ACTIVE_ARCH = YES;
				SDKROOT = iphoneos;
				SWIFT_ACTIVE_COMPILATION_CONDITIONS = DEBUG;
				SWIFT_OPTIMIZATION_LEVEL = "-Onone";
			};
			name = Debug;
		};
		297E8AF825B824CF005D4134 /* Release */ = {
			isa = XCBuildConfiguration;
			buildSettings = {
				ALWAYS_SEARCH_USER_PATHS = NO;
				CLANG_ANALYZER_NONNULL = YES;
				CLANG_ANALYZER_NUMBER_OBJECT_CONVERSION = YES_AGGRESSIVE;
				CLANG_CXX_LANGUAGE_STANDARD = "gnu++14";
				CLANG_CXX_LIBRARY = "libc++";
				CLANG_ENABLE_MODULES = YES;
				CLANG_ENABLE_OBJC_ARC = YES;
				CLANG_ENABLE_OBJC_WEAK = YES;
				CLANG_WARN_BLOCK_CAPTURE_AUTORELEASING = YES;
				CLANG_WARN_BOOL_CONVERSION = YES;
				CLANG_WARN_COMMA = YES;
				CLANG_WARN_CONSTANT_CONVERSION = YES;
				CLANG_WARN_DEPRECATED_OBJC_IMPLEMENTATIONS = YES;
				CLANG_WARN_DIRECT_OBJC_ISA_USAGE = YES_ERROR;
				CLANG_WARN_DOCUMENTATION_COMMENTS = YES;
				CLANG_WARN_EMPTY_BODY = YES;
				CLANG_WARN_ENUM_CONVERSION = YES;
				CLANG_WARN_INFINITE_RECURSION = YES;
				CLANG_WARN_INT_CONVERSION = YES;
				CLANG_WARN_NON_LITERAL_NULL_CONVERSION = YES;
				CLANG_WARN_OBJC_IMPLICIT_RETAIN_SELF = YES;
				CLANG_WARN_OBJC_LITERAL_CONVERSION = YES;
				CLANG_WARN_OBJC_ROOT_CLASS = YES_ERROR;
				CLANG_WARN_QUOTED_INCLUDE_IN_FRAMEWORK_HEADER = YES;
				CLANG_WARN_RANGE_LOOP_ANALYSIS = YES;
				CLANG_WARN_STRICT_PROTOTYPES = YES;
				CLANG_WARN_SUSPICIOUS_MOVE = YES;
				CLANG_WARN_UNGUARDED_AVAILABILITY = YES_AGGRESSIVE;
				CLANG_WARN_UNREACHABLE_CODE = YES;
				CLANG_WARN__DUPLICATE_METHOD_MATCH = YES;
				COPY_PHASE_STRIP = NO;
				DEBUG_INFORMATION_FORMAT = "dwarf-with-dsym";
				ENABLE_NS_ASSERTIONS = NO;
				ENABLE_STRICT_OBJC_MSGSEND = YES;
				GCC_C_LANGUAGE_STANDARD = gnu11;
				GCC_NO_COMMON_BLOCKS = YES;
				GCC_WARN_64_TO_32_BIT_CONVERSION = YES;
				GCC_WARN_ABOUT_RETURN_TYPE = YES_ERROR;
				GCC_WARN_UNDECLARED_SELECTOR = YES;
				GCC_WARN_UNINITIALIZED_AUTOS = YES_AGGRESSIVE;
				GCC_WARN_UNUSED_FUNCTION = YES;
				GCC_WARN_UNUSED_VARIABLE = YES;
				IPHONEOS_DEPLOYMENT_TARGET = 14.2;
				MTL_ENABLE_DEBUG_INFO = NO;
				MTL_FAST_MATH = YES;
				SDKROOT = iphoneos;
				SWIFT_COMPILATION_MODE = wholemodule;
				SWIFT_OPTIMIZATION_LEVEL = "-O";
				VALIDATE_PRODUCT = YES;
			};
			name = Release;
		};
		297E8AFA25B824CF005D4134 /* Debug */ = {
			isa = XCBuildConfiguration;
			buildSettings = {
				ASSETCATALOG_COMPILER_APPICON_NAME = AppIcon;
				ASSETCATALOG_COMPILER_GLOBAL_ACCENT_COLOR_NAME = AccentColor;
				CODE_SIGN_STYLE = Automatic;
				DEVELOPMENT_TEAM = A2NGYFKBN4;
				INFOPLIST_FILE = /Users/appnapws01/Desktop/Multi_Cam_App/Multi_Cam_App/Info.plist;
				IPHONEOS_DEPLOYMENT_TARGET = 14.0;
				LD_RUNPATH_SEARCH_PATHS = (
					"$(inherited)",
					"@executable_path/Frameworks",
				);
				PRODUCT_BUNDLE_IDENTIFIER = "io.appnap.Multi-Cam-App";
				PRODUCT_NAME = "$(TARGET_NAME)";
				SWIFT_VERSION = 5.0;
				TARGETED_DEVICE_FAMILY = "1,2";
			};
			name = Debug;
		};
		297E8AFB25B824CF005D4134 /* Release */ = {
			isa = XCBuildConfiguration;
			buildSettings = {
				ASSETCATALOG_COMPILER_APPICON_NAME = AppIcon;
				ASSETCATALOG_COMPILER_GLOBAL_ACCENT_COLOR_NAME = AccentColor;
				CODE_SIGN_STYLE = Automatic;
				DEVELOPMENT_TEAM = A2NGYFKBN4;
				INFOPLIST_FILE = /Users/appnapws01/Desktop/Multi_Cam_App/Multi_Cam_App/Info.plist;
				IPHONEOS_DEPLOYMENT_TARGET = 14.0;
				LD_RUNPATH_SEARCH_PATHS = (
					"$(inherited)",
					"@executable_path/Frameworks",
				);
				PRODUCT_BUNDLE_IDENTIFIER = "io.appnap.Multi-Cam-App";
				PRODUCT_NAME = "$(TARGET_NAME)";
				SWIFT_VERSION = 5.0;
				TARGETED_DEVICE_FAMILY = "1,2";
			};
			name = Release;
		};
/* End XCBuildConfiguration section */

/* Begin XCConfigurationList section */
		297E8AE025B824CE005D4134 /* Build configuration list for PBXProject "Multi_Cam_App" */ = {
			isa = XCConfigurationList;
			buildConfigurations = (
				297E8AF725B824CF005D4134 /* Debug */,
				297E8AF825B824CF005D4134 /* Release */,
			);
			defaultConfigurationIsVisible = 0;
			defaultConfigurationName = Release;
		};
		297E8AF925B824CF005D4134 /* Build configuration list for PBXNativeTarget "Multi_Cam_App" */ = {
			isa = XCConfigurationList;
			buildConfigurations = (
				297E8AFA25B824CF005D4134 /* Debug */,
				297E8AFB25B824CF005D4134 /* Release */,
			);
			defaultConfigurationIsVisible = 0;
			defaultConfigurationName = Release;
		};
/* End XCConfigurationList section */
	};
	rootObject = 297E8ADD25B824CE005D4134 /* Project object */;
}
